1: {unit: 0, 技能: "恐惧", 热键: "CTRL-NUMPAD1"}
2: {unit: 0, 技能: "死亡缠绕", 热键: "CTRL-NUMPAD2"}
3: {unit: 0, 技能: "暗影之怒", 热键: "CTRL-NUMPAD3"}
4: {unit: 0, 技能: "内爆", 热键: "CTRL-NUMPAD4"}
5: {unit: 0, 技能: "召唤恶魔暴君", 热键: "CTRL-NUMPAD5"}
6: {unit: 0, 技能: "魔典：邪能破坏者", 热键: "CTRL-NUMPAD6"}
7: {unit: 0, 技能: "召唤末日守卫", 热键: "CTRL-NUMPAD7"}
8: {unit: 0, 技能: "古尔丹之手", 热键: "CTRL-NUMPAD8"}
9: {unit: 0, 技能: "召唤恐惧猎犬", 热键: "CTRL-NUMPAD9"}
10: {unit: 0, 技能: "召唤恶魔卫士", 热键: "CTRL-NUMPAD0"}
11: {unit: 0, 技能: "恶魔之箭", 热键: "CTRL-NUMPADDECIMAL"}
12: {unit: 0, 技能: "暗影箭", 热键: "CTRL-NUMPADPLUS"}
13: {unit: 0, 技能: "召唤地狱猎犬", 热键: "CTRL-NUMPADMINUS"}
14: {unit: 0, 技能: "召唤小鬼", 热键: "CTRL-NUMPADMULTIPLY"}
15: {unit: 0, 技能: "虚弱灾厄", 热键: "CTRL-NUMPADDIVIDE"}
16: {unit: 0, 技能: "语言灾厄", 热键: "CTRL-F1"}
17: {unit: 0, 技能: "陨灭", 热键: "CTRL-F2"}
18: {unit: 0, 技能: "狱火箭", 热键: "CTRL-F3"}
19: {unit: 0, 技能: "灵魂石", 热键: "CTRL-F5"}
20: {unit: 0, 技能: "邪能统御", 热键: "CTRL-F6"}
21: {unit: 0, 技能: "黑暗契约", 热键: "CTRL-F7"}
22: {unit: 0, 技能: "恶魔之箭", 热键: "CTRL-F8"}
23: {unit: 0, 技能: "魔典：小鬼领主", 热键: "CTRL-F9"}
24: {unit: 0, 技能: "法术封锁", 热键: "CTRL-F10"}
25: {unit: 0, 技能: "吞噬魔法", 热键: "CTRL-F11"}
26: {unit: 0, 技能: "爆燃冲刺", 热键: "CTRL-F12"}
27: {unit: 0, 技能: "放逐术", 热键: "CTRL-,"}
28: {unit: 0, 技能: "疲劳诅咒", 热键: "CTRL-."}
29: {unit: 0, 技能: "语言诅咒", 热键: "CTRL-/"}
30: {unit: 0, 技能: "恶魔传送门", 热键: "CTRL-;"}
31: {unit: 0, 技能: "灵魂燃烧", 热键: "CTRL-'"}
32: {unit: 0, 技能: "恐惧嚎叫", 热键: "CTRL-["}
33: {unit: 0, 技能: "恶魔法阵", 热键: "CTRL-]"}
34: {unit: 0, 技能: "恶魔法阵：传送", 热键: "CTRL-="}
35: {unit: 0, 技能: "制造灵魂之井", 热键: "ALT-NUMPAD1"}
36: {unit: 0, 技能: "召唤仪式", 热键: "ALT-NUMPAD2"}
37: {unit: 0, 技能: "腐蚀术", 热键: "ALT-NUMPAD3"}
38: {unit: 0, 技能: "吸取生命", 热键: "ALT-NUMPAD4"}
39: {unit: 0, 技能: "召唤黑眼", 热键: "ALT-NUMPAD5"}
40: {unit: 0, 技能: "痛苦无常", 热键: "ALT-NUMPAD6"}
41: {unit: 0, 技能: "幽冥收割", 热键: "ALT-NUMPAD7"}
42: {unit: 0, 技能: "腐蚀之种", 热键: "ALT-NUMPAD8"}
43: {unit: 0, 技能: "痛楚", 热键: "ALT-NUMPAD9"}
44: {unit: 0, 技能: "鬼影缠身", 热键: "ALT-NUMPAD0"}
45: {unit: 0, 技能: "枯萎", 热键: "ALT-NUMPADDECIMAL"}
46: {unit: 0, 技能: "怨毒", 热键: "ALT-NUMPADPLUS"}
47: {unit: 0, 技能: "召唤地狱火", 热键: "ALT-NUMPADMINUS"}
48: {unit: 0, 技能: "暗影灼烧", 热键: "ALT-NUMPADMULTIPLY"}
49: {unit: 0, 技能: "混乱之箭", 热键: "ALT-NUMPADDIVIDE"}
50: {unit: 0, 技能: "火焰之雨", 热键: "ALT-F1"}
51: {unit: 0, 技能: "灵魂之火", 热键: "ALT-F2"}
52: {unit: 0, 技能: "烧尽", 热键: "ALT-F3"}
53: {unit: 0, 技能: "燃烧", 热键: "ALT-F5"}
54: {unit: 0, 技能: "献祭", 热键: "ALT-F6"}
55: {unit: 0, 技能: "引导恶魔之火", 热键: "ALT-F7"}
56: {unit: 0, 技能: "浩劫", 热键: "ALT-F8"}
57: {unit: 0, 技能: "火焰之雨", 热键: "ALT-F9"}
58: {unit: 0, 技能: "大灾变", 热键: "ALT-F10"}
59: {unit: 0, 技能: "吸取灵魂", 热键: "ALT-F11"}
60: {unit: 0, 技能: "召唤虚空行者", 热键: "ALT-F12"}
61: {unit: 0, 技能: "召唤萨亚德", 热键: "ALT-,"}
